
Microsoft Visual Studio Solution File, Format Version 12.00
# Visual Studio Version 17
VisualStudioVersion = 17.2.32408.312
MinimumVisualStudioVersion = 10.0.40219.1
Project("{FAE04EC0-301F-11D3-BF4B-00C04F79EFBC}") = "WssBarrageService", "BarrageGrab\WssBarrageService.csproj", "{A07BB1DA-D5C2-4EEA-9F3F-E42AADB9C1D6}"
EndProject
Project("{FAE04EC0-301F-11D3-BF4B-00C04F79EFBC}") = "FiddlerCore4", "FiddlerCore4\FiddlerCore4.csproj", "{6E137484-17DC-4AB2-A1BB-2E6E050A9F54}"
EndProject
Global
	GlobalSection(SolutionConfigurationPlatforms) = preSolution
		Debug|Any CPU = Debug|Any CPU
		Debug|x86 = Debug|x86
		Release|Any CPU = Release|Any CPU
		Release|x86 = Release|x86
	EndGlobalSection
	GlobalSection(ProjectConfigurationPlatforms) = postSolution
		{A07BB1DA-D5C2-4EEA-9F3F-E42AADB9C1D6}.Debug|Any CPU.ActiveCfg = Debug|Any CPU
		{A07BB1DA-D5C2-4EEA-9F3F-E42AADB9C1D6}.Debug|Any CPU.Build.0 = Debug|Any CPU
		{A07BB1DA-D5C2-4EEA-9F3F-E42AADB9C1D6}.Debug|x86.ActiveCfg = Debug|Any CPU
		{A07BB1DA-D5C2-4EEA-9F3F-E42AADB9C1D6}.Debug|x86.Build.0 = Debug|Any CPU
		{A07BB1DA-D5C2-4EEA-9F3F-E42AADB9C1D6}.Release|Any CPU.ActiveCfg = Release|Any CPU
		{A07BB1DA-D5C2-4EEA-9F3F-E42AADB9C1D6}.Release|Any CPU.Build.0 = Release|Any CPU
		{A07BB1DA-D5C2-4EEA-9F3F-E42AADB9C1D6}.Release|x86.ActiveCfg = Release|Any CPU
		{A07BB1DA-D5C2-4EEA-9F3F-E42AADB9C1D6}.Release|x86.Build.0 = Release|Any CPU
		{6E137484-17DC-4AB2-A1BB-2E6E050A9F54}.Debug|Any CPU.ActiveCfg = Debug|Any CPU
		{6E137484-17DC-4AB2-A1BB-2E6E050A9F54}.Debug|Any CPU.Build.0 = Debug|Any CPU
		{6E137484-17DC-4AB2-A1BB-2E6E050A9F54}.Debug|x86.ActiveCfg = Debug|Any CPU
		{6E137484-17DC-4AB2-A1BB-2E6E050A9F54}.Debug|x86.Build.0 = Debug|Any CPU
		{6E137484-17DC-4AB2-A1BB-2E6E050A9F54}.Release|Any CPU.ActiveCfg = Release|Any CPU
		{6E137484-17DC-4AB2-A1BB-2E6E050A9F54}.Release|Any CPU.Build.0 = Release|Any CPU
		{6E137484-17DC-4AB2-A1BB-2E6E050A9F54}.Release|x86.ActiveCfg = Release|Any CPU
		{6E137484-17DC-4AB2-A1BB-2E6E050A9F54}.Release|x86.Build.0 = Release|Any CPU
	EndGlobalSection
	GlobalSection(SolutionProperties) = preSolution
		HideSolutionNode = FALSE
	EndGlobalSection
	GlobalSection(ExtensibilityGlobals) = postSolution
		SolutionGuid = {D3F6B9CD-510D-4289-9FCD-F0F8C9AB2ED2}
	EndGlobalSection
EndGlobal
